
Microsoft Visual Studio Solution File, Format Version 12.00
# Visual Studio Version 16
VisualStudioVersion = 25.0.1703.0
MinimumVisualStudioVersion = 10.0.40219.1
Project("{FAE04EC0-301F-11D3-BF4B-00C04F79EFBC}") = "Froggger", "Froggger\Froggger.csproj", "{1E2FBC78-C69F-48E9-85CB-15F380ED445F}"
EndProject
Global
	GlobalSection(SolutionConfigurationPlatforms) = preSolution
		Debug|Any CPU = Debug|Any CPU
		Release|Any CPU = Release|Any CPU
	EndGlobalSection
	GlobalSection(ProjectConfigurationPlatforms) = postSolution
		{1E2FBC78-C69F-48E9-85CB-15F380ED445F}.Debug|Any CPU.ActiveCfg = Debug|Any CPU
		{1E2FBC78-C69F-48E9-85CB-15F380ED445F}.Debug|Any CPU.Build.0 = Debug|Any CPU
		{1E2FBC78-C69F-48E9-85CB-15F380ED445F}.Release|Any CPU.ActiveCfg = Release|Any CPU
		{1E2FBC78-C69F-48E9-85CB-15F380ED445F}.Release|Any CPU.Build.0 = Release|Any CPU
	EndGlobalSection
	GlobalSection(SolutionProperties) = preSolution
		HideSolutionNode = FALSE
	EndGlobalSection
	GlobalSection(ExtensibilityGlobals) = postSolution
		SolutionGuid = {43905285-FABB-4FFD-A00A-2DB1F581C179}
	EndGlobalSection
EndGlobal
